
Microsoft Visual Studio Solution File, Format Version 12.00
# Visual Studio Version 16
VisualStudioVersion = 16.0.31112.23
MinimumVisualStudioVersion = 10.0.40219.1
Project("{FAE04EC0-301F-11D3-BF4B-00C04F79EFBC}") = "AskAndTell", "AskAndTell.csproj", "{F1426FBF-ED96-4FD2-89F5-E14766D54421}"
EndProject
Global
	GlobalSection(SolutionConfigurationPlatforms) = preSolution
		Debug|Any CPU = Debug|Any CPU
		Release|Any CPU = Release|Any CPU
	EndGlobalSection
	GlobalSection(ProjectConfigurationPlatforms) = postSolution
		{F1426FBF-ED96-4FD2-89F5-E14766D54421}.Debug|Any CPU.ActiveCfg = Debug|Any CPU
		{F1426FBF-ED96-4FD2-89F5-E14766D54421}.Debug|Any CPU.Build.0 = Debug|Any CPU
		{F1426FBF-ED96-4FD2-89F5-E14766D54421}.Release|Any CPU.ActiveCfg = Release|Any CPU
		{F1426FBF-ED96-4FD2-89F5-E14766D54421}.Release|Any CPU.Build.0 = Release|Any CPU
	EndGlobalSection
	GlobalSection(SolutionProperties) = preSolution
		HideSolutionNode = FALSE
	EndGlobalSection
	GlobalSection(ExtensibilityGlobals) = postSolution
		SolutionGuid = {94487A0A-BE81-412D-BB64-B6B9332B812D}
	EndGlobalSection
EndGlobal
